
Microsoft Visual Studio Solution File, Format Version 12.00
# Visual Studio 2012
Project("{FAE04EC0-301F-11D3-BF4B-00C04F79EFBC}") = "KeyManagerTestTool", "KeyManagerTestTool\KeyManagerTestTool.csproj", "{84EB1238-0E94-401C-8F3F-6D624E517A34}"
EndProject
Global
	GlobalSection(SolutionConfigurationPlatforms) = preSolution
		Debug|Any CPU = Debug|Any CPU
		Release|Any CPU = Release|Any CPU
	EndGlobalSection
	GlobalSection(ProjectConfigurationPlatforms) = postSolution
		{84EB1238-0E94-401C-8F3F-6D624E517A34}.Debug|Any CPU.ActiveCfg = Debug|Any CPU
		{84EB1238-0E94-401C-8F3F-6D624E517A34}.Debug|Any CPU.Build.0 = Debug|Any CPU
		{84EB1238-0E94-401C-8F3F-6D624E517A34}.Release|Any CPU.ActiveCfg = Release|Any CPU
		{84EB1238-0E94-401C-8F3F-6D624E517A34}.Release|Any CPU.Build.0 = Release|Any CPU
	EndGlobalSection
	GlobalSection(SolutionProperties) = preSolution
		HideSolutionNode = FALSE
	EndGlobalSection
EndGlobal
